
Microsoft Visual Studio Solution File, Format Version 12.00
# Visual Studio Version 17
VisualStudioVersion = 17.14.36310.24
MinimumVisualStudioVersion = 10.0.40219.1
Project("{FAE04EC0-301F-11D3-BF4B-00C04F79EFBC}") = "Job.AttendanceSchedule", "AttendanceShedule\Job.AttendanceSchedule.csproj", "{B117AA7E-E86D-4428-9013-F9D62F61CD0B}"
EndProject
Project("{FAE04EC0-301F-11D3-BF4B-00C04F79EFBC}") = "Job.HelpDeskUpdate", "HelpDeskUpdate\Job.HelpDeskUpdate.csproj", "{A263DB14-B388-49E6-9CCC-5357F9A70CD2}"
EndProject
Project("{FAE04EC0-301F-11D3-BF4B-00C04F79EFBC}") = "Job.ScheduleApplication", "ScheduleApplication\Job.ScheduleApplication.csproj", "{1607F92A-6FE3-476A-B405-575D5524DC6A}"
EndProject
Project("{FAE04EC0-301F-11D3-BF4B-00C04F79EFBC}") = "Job.WebClientSchedule", "WebClientSchedule\Job.WebClientSchedule.csproj", "{C3404BF2-F782-49C9-A45D-3CE7FA528AEE}"
EndProject
Project("{FAE04EC0-301F-11D3-BF4B-00C04F79EFBC}") = "Tanishsofthrms.Web", "WebApplicationHsApp\Tanishsofthrms.Web.csproj", "{CA1F3E20-C292-491E-89BF-5FF4A8D8F166}"
EndProject
Global
	GlobalSection(SolutionConfigurationPlatforms) = preSolution
		Debug|Any CPU = Debug|Any CPU
		Debug|x86 = Debug|x86
		Release|Any CPU = Release|Any CPU
		Release|x86 = Release|x86
	EndGlobalSection
	GlobalSection(ProjectConfigurationPlatforms) = postSolution
		{B117AA7E-E86D-4428-9013-F9D62F61CD0B}.Debug|Any CPU.ActiveCfg = Debug|Any CPU
		{B117AA7E-E86D-4428-9013-F9D62F61CD0B}.Debug|Any CPU.Build.0 = Debug|Any CPU
		{B117AA7E-E86D-4428-9013-F9D62F61CD0B}.Debug|x86.ActiveCfg = Debug|Any CPU
		{B117AA7E-E86D-4428-9013-F9D62F61CD0B}.Debug|x86.Build.0 = Debug|Any CPU
		{B117AA7E-E86D-4428-9013-F9D62F61CD0B}.Release|Any CPU.ActiveCfg = Release|Any CPU
		{B117AA7E-E86D-4428-9013-F9D62F61CD0B}.Release|Any CPU.Build.0 = Release|Any CPU
		{B117AA7E-E86D-4428-9013-F9D62F61CD0B}.Release|x86.ActiveCfg = Release|Any CPU
		{B117AA7E-E86D-4428-9013-F9D62F61CD0B}.Release|x86.Build.0 = Release|Any CPU
		{A263DB14-B388-49E6-9CCC-5357F9A70CD2}.Debug|Any CPU.ActiveCfg = Debug|Any CPU
		{A263DB14-B388-49E6-9CCC-5357F9A70CD2}.Debug|Any CPU.Build.0 = Debug|Any CPU
		{A263DB14-B388-49E6-9CCC-5357F9A70CD2}.Debug|x86.ActiveCfg = Debug|Any CPU
		{A263DB14-B388-49E6-9CCC-5357F9A70CD2}.Debug|x86.Build.0 = Debug|Any CPU
		{A263DB14-B388-49E6-9CCC-5357F9A70CD2}.Release|Any CPU.ActiveCfg = Release|Any CPU
		{A263DB14-B388-49E6-9CCC-5357F9A70CD2}.Release|Any CPU.Build.0 = Release|Any CPU
		{A263DB14-B388-49E6-9CCC-5357F9A70CD2}.Release|x86.ActiveCfg = Release|Any CPU
		{A263DB14-B388-49E6-9CCC-5357F9A70CD2}.Release|x86.Build.0 = Release|Any CPU
		{1607F92A-6FE3-476A-B405-575D5524DC6A}.Debug|Any CPU.ActiveCfg = Debug|Any CPU
		{1607F92A-6FE3-476A-B405-575D5524DC6A}.Debug|Any CPU.Build.0 = Debug|Any CPU
		{1607F92A-6FE3-476A-B405-575D5524DC6A}.Debug|x86.ActiveCfg = Debug|Any CPU
		{1607F92A-6FE3-476A-B405-575D5524DC6A}.Debug|x86.Build.0 = Debug|Any CPU
		{1607F92A-6FE3-476A-B405-575D5524DC6A}.Release|Any CPU.ActiveCfg = Release|Any CPU
		{1607F92A-6FE3-476A-B405-575D5524DC6A}.Release|Any CPU.Build.0 = Release|Any CPU
		{1607F92A-6FE3-476A-B405-575D5524DC6A}.Release|x86.ActiveCfg = Release|Any CPU
		{1607F92A-6FE3-476A-B405-575D5524DC6A}.Release|x86.Build.0 = Release|Any CPU
		{C3404BF2-F782-49C9-A45D-3CE7FA528AEE}.Debug|Any CPU.ActiveCfg = Debug|Any CPU
		{C3404BF2-F782-49C9-A45D-3CE7FA528AEE}.Debug|Any CPU.Build.0 = Debug|Any CPU
		{C3404BF2-F782-49C9-A45D-3CE7FA528AEE}.Debug|x86.ActiveCfg = Debug|Any CPU
		{C3404BF2-F782-49C9-A45D-3CE7FA528AEE}.Debug|x86.Build.0 = Debug|Any CPU
		{C3404BF2-F782-49C9-A45D-3CE7FA528AEE}.Release|Any CPU.ActiveCfg = Release|Any CPU
		{C3404BF2-F782-49C9-A45D-3CE7FA528AEE}.Release|Any CPU.Build.0 = Release|Any CPU
		{C3404BF2-F782-49C9-A45D-3CE7FA528AEE}.Release|x86.ActiveCfg = Release|Any CPU
		{C3404BF2-F782-49C9-A45D-3CE7FA528AEE}.Release|x86.Build.0 = Release|Any CPU
		{CA1F3E20-C292-491E-89BF-5FF4A8D8F166}.Debug|Any CPU.ActiveCfg = Debug|Any CPU
		{CA1F3E20-C292-491E-89BF-5FF4A8D8F166}.Debug|Any CPU.Build.0 = Debug|Any CPU
		{CA1F3E20-C292-491E-89BF-5FF4A8D8F166}.Debug|x86.ActiveCfg = Debug|x86
		{CA1F3E20-C292-491E-89BF-5FF4A8D8F166}.Debug|x86.Build.0 = Debug|x86
		{CA1F3E20-C292-491E-89BF-5FF4A8D8F166}.Release|Any CPU.ActiveCfg = Release|Any CPU
		{CA1F3E20-C292-491E-89BF-5FF4A8D8F166}.Release|Any CPU.Build.0 = Release|Any CPU
		{CA1F3E20-C292-491E-89BF-5FF4A8D8F166}.Release|x86.ActiveCfg = Release|x86
		{CA1F3E20-C292-491E-89BF-5FF4A8D8F166}.Release|x86.Build.0 = Release|x86
	EndGlobalSection
	GlobalSection(SolutionProperties) = preSolution
		HideSolutionNode = FALSE
	EndGlobalSection
	GlobalSection(ExtensibilityGlobals) = postSolution
		SolutionGuid = {942CDAD2-5DFC-41FF-8E3C-3DAA6FEAFB31}
	EndGlobalSection
EndGlobal
